
Microsoft Visual Studio Solution File, Format Version 12.00
# Visual Studio Version 16
VisualStudioVersion = 16.0.29709.97
MinimumVisualStudioVersion = 10.0.40219.1
Project("{FAE04EC0-301F-11D3-BF4B-00C04F79EFBC}") = "RssDataModel", "RssDataModel\RssDataModel.csproj", "{842EE19A-9A11-4502-BF58-AF7859F7C013}"
EndProject
Project("{FAE04EC0-301F-11D3-BF4B-00C04F79EFBC}") = "RssApi", "RssApi\RssApi.csproj", "{CB1B7802-39F2-4E77-B182-77BCF0B4242A}"
EndProject
Project("{FAE04EC0-301F-11D3-BF4B-00C04F79EFBC}") = "RssService", "RssService\RssService.csproj", "{C40EEB7F-3EBF-4393-81EF-A0916D8436E4}"
EndProject
Project("{FAE04EC0-301F-11D3-BF4B-00C04F79EFBC}") = "RssContracts", "RssContracts\RssContracts.csproj", "{1AF2003D-4151-4DEE-B43A-A65CFC65F599}"
EndProject
Global
	GlobalSection(SolutionConfigurationPlatforms) = preSolution
		Debug|Any CPU = Debug|Any CPU
		Release|Any CPU = Release|Any CPU
	EndGlobalSection
	GlobalSection(ProjectConfigurationPlatforms) = postSolution
		{842EE19A-9A11-4502-BF58-AF7859F7C013}.Debug|Any CPU.ActiveCfg = Debug|Any CPU
		{842EE19A-9A11-4502-BF58-AF7859F7C013}.Debug|Any CPU.Build.0 = Debug|Any CPU
		{842EE19A-9A11-4502-BF58-AF7859F7C013}.Release|Any CPU.ActiveCfg = Release|Any CPU
		{842EE19A-9A11-4502-BF58-AF7859F7C013}.Release|Any CPU.Build.0 = Release|Any CPU
		{CB1B7802-39F2-4E77-B182-77BCF0B4242A}.Debug|Any CPU.ActiveCfg = Debug|Any CPU
		{CB1B7802-39F2-4E77-B182-77BCF0B4242A}.Debug|Any CPU.Build.0 = Debug|Any CPU
		{CB1B7802-39F2-4E77-B182-77BCF0B4242A}.Release|Any CPU.ActiveCfg = Release|Any CPU
		{CB1B7802-39F2-4E77-B182-77BCF0B4242A}.Release|Any CPU.Build.0 = Release|Any CPU
		{C40EEB7F-3EBF-4393-81EF-A0916D8436E4}.Debug|Any CPU.ActiveCfg = Debug|Any CPU
		{C40EEB7F-3EBF-4393-81EF-A0916D8436E4}.Debug|Any CPU.Build.0 = Debug|Any CPU
		{C40EEB7F-3EBF-4393-81EF-A0916D8436E4}.Release|Any CPU.ActiveCfg = Release|Any CPU
		{C40EEB7F-3EBF-4393-81EF-A0916D8436E4}.Release|Any CPU.Build.0 = Release|Any CPU
		{1AF2003D-4151-4DEE-B43A-A65CFC65F599}.Debug|Any CPU.ActiveCfg = Debug|Any CPU
		{1AF2003D-4151-4DEE-B43A-A65CFC65F599}.Debug|Any CPU.Build.0 = Debug|Any CPU
		{1AF2003D-4151-4DEE-B43A-A65CFC65F599}.Release|Any CPU.ActiveCfg = Release|Any CPU
		{1AF2003D-4151-4DEE-B43A-A65CFC65F599}.Release|Any CPU.Build.0 = Release|Any CPU
	EndGlobalSection
	GlobalSection(SolutionProperties) = preSolution
		HideSolutionNode = FALSE
	EndGlobalSection
	GlobalSection(ExtensibilityGlobals) = postSolution
		SolutionGuid = {5376D2EE-1E2F-4FFA-A44B-DA0357AC172B}
	EndGlobalSection
EndGlobal
